
Microsoft Visual Studio Solution File, Format Version 12.00
# Visual Studio Version 17
VisualStudioVersion = 17.10.35122.118
MinimumVisualStudioVersion = 10.0.40219.1
Project("{FAE04EC0-301F-11D3-BF4B-00C04F79EFBC}") = "CrmApi", "CrmApi.csproj", "{DE13F32C-019F-45AD-B06A-B80ECBAA5D3C}"
EndProject
Project("{FAE04EC0-301F-11D3-BF4B-00C04F79EFBC}") = "Domain", "..\Domain\Domain.csproj", "{7A037E45-53F2-4933-A972-213E00D2F5D7}"
EndProject
Project("{FAE04EC0-301F-11D3-BF4B-00C04F79EFBC}") = "Application", "..\Application\Application.csproj", "{5F6DDE80-FCBD-4019-B61A-59974EFA968B}"
EndProject
Project("{FAE04EC0-301F-11D3-BF4B-00C04F79EFBC}") = "Infrastructure", "..\Infrastructure\Infrastructure.csproj", "{40866621-D688-4398-8639-13139FA5F99A}"
EndProject
Global
	GlobalSection(SolutionConfigurationPlatforms) = preSolution
		Debug|Any CPU = Debug|Any CPU
		Release|Any CPU = Release|Any CPU
	EndGlobalSection
	GlobalSection(ProjectConfigurationPlatforms) = postSolution
		{DE13F32C-019F-45AD-B06A-B80ECBAA5D3C}.Debug|Any CPU.ActiveCfg = Debug|Any CPU
		{DE13F32C-019F-45AD-B06A-B80ECBAA5D3C}.Debug|Any CPU.Build.0 = Debug|Any CPU
		{DE13F32C-019F-45AD-B06A-B80ECBAA5D3C}.Release|Any CPU.ActiveCfg = Release|Any CPU
		{DE13F32C-019F-45AD-B06A-B80ECBAA5D3C}.Release|Any CPU.Build.0 = Release|Any CPU
		{7A037E45-53F2-4933-A972-213E00D2F5D7}.Debug|Any CPU.ActiveCfg = Debug|Any CPU
		{7A037E45-53F2-4933-A972-213E00D2F5D7}.Debug|Any CPU.Build.0 = Debug|Any CPU
		{7A037E45-53F2-4933-A972-213E00D2F5D7}.Release|Any CPU.ActiveCfg = Release|Any CPU
		{7A037E45-53F2-4933-A972-213E00D2F5D7}.Release|Any CPU.Build.0 = Release|Any CPU
		{5F6DDE80-FCBD-4019-B61A-59974EFA968B}.Debug|Any CPU.ActiveCfg = Debug|Any CPU
		{5F6DDE80-FCBD-4019-B61A-59974EFA968B}.Debug|Any CPU.Build.0 = Debug|Any CPU
		{5F6DDE80-FCBD-4019-B61A-59974EFA968B}.Release|Any CPU.ActiveCfg = Release|Any CPU
		{5F6DDE80-FCBD-4019-B61A-59974EFA968B}.Release|Any CPU.Build.0 = Release|Any CPU
		{40866621-D688-4398-8639-13139FA5F99A}.Debug|Any CPU.ActiveCfg = Debug|Any CPU
		{40866621-D688-4398-8639-13139FA5F99A}.Debug|Any CPU.Build.0 = Debug|Any CPU
		{40866621-D688-4398-8639-13139FA5F99A}.Release|Any CPU.ActiveCfg = Release|Any CPU
		{40866621-D688-4398-8639-13139FA5F99A}.Release|Any CPU.Build.0 = Release|Any CPU
	EndGlobalSection
	GlobalSection(SolutionProperties) = preSolution
		HideSolutionNode = FALSE
	EndGlobalSection
	GlobalSection(ExtensibilityGlobals) = postSolution
		SolutionGuid = {1707B684-46C1-4FC7-8CBE-96F531C33897}
	EndGlobalSection
EndGlobal
